
Microsoft Visual Studio Solution File, Format Version 12.00
# Visual Studio 14
VisualStudioVersion = 14.0.25420.1
MinimumVisualStudioVersion = 10.0.40219.1
Project("{FAE04EC0-301F-11D3-BF4B-00C04F79EFBC}") = "BankApplication", "BankApplication\BankApplication.csproj", "{602C2415-E539-4E24-AD45-93DDE7C5E722}"
EndProject
Project("{FAE04EC0-301F-11D3-BF4B-00C04F79EFBC}") = "BankApplication.Tests", "BankApplication.Tests\BankApplication.Tests.csproj", "{5DF87D24-AEE0-4856-95F2-2D6CCC71E7E4}"
EndProject
Global
	GlobalSection(SolutionConfigurationPlatforms) = preSolution
		Debug|Any CPU = Debug|Any CPU
		Release|Any CPU = Release|Any CPU
	EndGlobalSection
	GlobalSection(ProjectConfigurationPlatforms) = postSolution
		{602C2415-E539-4E24-AD45-93DDE7C5E722}.Debug|Any CPU.ActiveCfg = Debug|Any CPU
		{602C2415-E539-4E24-AD45-93DDE7C5E722}.Debug|Any CPU.Build.0 = Debug|Any CPU
		{602C2415-E539-4E24-AD45-93DDE7C5E722}.Release|Any CPU.ActiveCfg = Release|Any CPU
		{602C2415-E539-4E24-AD45-93DDE7C5E722}.Release|Any CPU.Build.0 = Release|Any CPU
		{5DF87D24-AEE0-4856-95F2-2D6CCC71E7E4}.Debug|Any CPU.ActiveCfg = Debug|Any CPU
		{5DF87D24-AEE0-4856-95F2-2D6CCC71E7E4}.Debug|Any CPU.Build.0 = Debug|Any CPU
		{5DF87D24-AEE0-4856-95F2-2D6CCC71E7E4}.Release|Any CPU.ActiveCfg = Release|Any CPU
		{5DF87D24-AEE0-4856-95F2-2D6CCC71E7E4}.Release|Any CPU.Build.0 = Release|Any CPU
	EndGlobalSection
	GlobalSection(SolutionProperties) = preSolution
		HideSolutionNode = FALSE
	EndGlobalSection
EndGlobal
